
Microsoft Visual Studio Solution File, Format Version 12.00
# Visual Studio 15
VisualStudioVersion = 15.0.28307.1500
MinimumVisualStudioVersion = 10.0.40219.1
Project("{FAE04EC0-301F-11D3-BF4B-00C04F79EFBC}") = "console_text_editor", "console_text_editor\console_text_editor.csproj", "{57681988-A565-464A-BE7F-02957C3C3FAC}"
EndProject
Global
	GlobalSection(SolutionConfigurationPlatforms) = preSolution
		Debug|Any CPU = Debug|Any CPU
		Release|Any CPU = Release|Any CPU
	EndGlobalSection
	GlobalSection(ProjectConfigurationPlatforms) = postSolution
		{57681988-A565-464A-BE7F-02957C3C3FAC}.Debug|Any CPU.ActiveCfg = Debug|Any CPU
		{57681988-A565-464A-BE7F-02957C3C3FAC}.Debug|Any CPU.Build.0 = Debug|Any CPU
		{57681988-A565-464A-BE7F-02957C3C3FAC}.Release|Any CPU.ActiveCfg = Release|Any CPU
		{57681988-A565-464A-BE7F-02957C3C3FAC}.Release|Any CPU.Build.0 = Release|Any CPU
	EndGlobalSection
	GlobalSection(SolutionProperties) = preSolution
		HideSolutionNode = FALSE
	EndGlobalSection
	GlobalSection(ExtensibilityGlobals) = postSolution
		SolutionGuid = {9A872B8E-C332-407B-925E-0C6A61B42C1D}
	EndGlobalSection
EndGlobal
